Microsoft Visual Studio Solution File, Format Version 12.00
# Visual Studio Version 17
VisualStudioVersion = 17.5.2.0
MinimumVisualStudioVersion = 10.0.40219.1
Project("{FAE04EC0-301F-11D3-BF4B-00C04F79EFBC}") = "MiniBank.Api", "MiniBank.Api\MiniBank.Api.csproj", "{B703E569-FCBC-70A0-6149-DAD6E6946608}"
EndProject
Global
	GlobalSection(SolutionConfigurationPlatforms) = preSolution
		Debug|Any CPU = Debug|Any CPU
		Release|Any CPU = Release|Any CPU
	EndGlobalSection
	GlobalSection(ProjectConfigurationPlatforms) = postSolution
		{B703E569-FCBC-70A0-6149-DAD6E6946608}.Debug|Any CPU.ActiveCfg = Debug|Any CPU
		{B703E569-FCBC-70A0-6149-DAD6E6946608}.Debug|Any CPU.Build.0 = Debug|Any CPU
		{B703E569-FCBC-70A0-6149-DAD6E6946608}.Release|Any CPU.ActiveCfg = Release|Any CPU
		{B703E569-FCBC-70A0-6149-DAD6E6946608}.Release|Any CPU.Build.0 = Release|Any CPU
	EndGlobalSection
	GlobalSection(SolutionProperties) = preSolution
		HideSolutionNode = FALSE
	EndGlobalSection
	GlobalSection(ExtensibilityGlobals) = postSolution
		SolutionGuid = {62188BEF-63C5-4AD3-AC61-DB203B3E26D5}
	EndGlobalSection
EndGlobal
